// !$*UTF8*$!
{
	archiveVersion = 1;
	classes = {
	};
	objectVersion = 46;
	objects = {

/* Begin PBXBuildFile section */
		834708D51B78F9BE00F87F06 /* AppDelegate.swift in Sources */ = {isa = PBXBuildFile; fileRef = 834708D41B78F9BE00F87F06 /* AppDelegate.swift */; };
		834708D71B78F9BE00F87F06 /* ViewController.swift in Sources */ = {isa = PBXBuildFile; fileRef = 834708D61B78F9BE00F87F06 /* ViewController.swift */; };
		834708DA1B78F9BE00F87F06 /* Main.storyboard in Resources */ = {isa = PBXBuildFile; fileRef = 834708D81B78F9BE00F87F06 /* Main.storyboard */; };
		834708DC1B78F9BE00F87F06 /* Images.xcassets in Resources */ = {isa = PBXBuildFile; fileRef = 834708DB1B78F9BE00F87F06 /* Images.xcassets */; };
		834708DF1B78F9BE00F87F06 /* LaunchScreen.xib in Resources */ = {isa = PBXBuildFile; fileRef = 834708DD1B78F9BE00F87F06 /* LaunchScreen.xib */; };
		834708EB1B78F9BE00F87F06 /* WarTests.swift in Sources */ = {isa = PBXBuildFile; fileRef = 834708EA1B78F9BE00F87F06 /* WarTests.swift */; };
/* End PBXBuildFile section */

/* Begin PBXContainerItemProxy section */
		834708E51B78F9BE00F87F06 /* PBXContainerItemProxy */ = {
			isa = PBXContainerItemProxy;
			containerPortal = 834708C71B78F9BE00F87F06 /* Project object */;
			proxyType = 1;
			remoteGlobalIDString = 834708CE1B78F9BE00F87F06;
			remoteInfo = War;
		};
/* End PBXContainerItemProxy section */

/* Begin PBXFileReference section */
		834708CF1B78F9BE00F87F06 /* War.app */ = {isa = PBXFileReference; explicitFileType = wrapper.application; includeInIndex = 0; path = War.app; sourceTree = BUILT_PRODUCTS_DIR; };
		834708D31B78F9BE00F87F06 /* Info.plist */ = {isa = PBXFileReference; lastKnownFileType = text.plist.xml; path = Info.plist; sourceTree = "<group>"; };
		834708D41B78F9BE00F87F06 /* AppDelegate.swift */ = {isa = PBXFileReference; lastKnownFileType = sourcecode.swift; path = AppDelegate.swift; sourceTree = "<group>"; };
		834708D61B78F9BE00F87F06 /* ViewController.swift */ = {isa = PBXFileReference; lastKnownFileType = sourcecode.swift; path = ViewController.swift; sourceTree = "<group>"; };
		834708D91B78F9BE00F87F06 /* Base */ = {isa = PBXFileReference; lastKnownFileType = file.storyboard; name = Base; path = Base.lproj/Main.storyboard; sourceTree = "<group>"; };
		834708DB1B78F9BE00F87F06 /* Images.xcassets */ = {isa = PBXFileReference; lastKnownFileType = folder.assetcatalog; path = Images.xcassets; sourceTree = "<group>"; };
		834708DE1B78F9BE00F87F06 /* Base */ = {isa = PBXFileReference; lastKnownFileType = file.xib; name = Base; path = Base.lproj/LaunchScreen.xib; sourceTree = "<group>"; };
		834708E41B78F9BE00F87F06 /* WarTests.xctest */ = {isa = PBXFileReference; explicitFileType = wrapper.cfbundle; includeInIndex = 0; path = WarTests.xctest; sourceTree = BUILT_PRODUCTS_DIR; };
		834708E91B78F9BE00F87F06 /* Info.plist */ = {isa = PBXFileReference; lastKnownFileType = text.plist.xml; path = Info.plist; sourceTree = "<group>"; };
		834708EA1B78F9BE00F87F06 /* WarTests.swift */ = {isa = PBXFileReference; lastKnownFileType = sourcecode.swift; path = WarTests.swift; sourceTree = "<group>"; };
/* End PBXFileReference section */

/* Begin PBXFrameworksBuildPhase section */
		834708CC1B78F9BE00F87F06 /* Frameworks */ = {
			isa = PBXFrameworksBuildPhase;
			buildActionMask = 2147483647;
			files = (
			);
			runOnlyForDeploymentPostprocessing = 0;
		};
		834708E11B78F9BE00F87F06 /* Frameworks */ = {
			isa = PBXFrameworksBuildPhase;
			buildActionMask = 2147483647;
			files = (
			);
			runOnlyForDeploymentPostprocessing = 0;
		};
/* End PBXFrameworksBuildPhase section */

/* Begin PBXGroup section */
		834708C61B78F9BE00F87F06 = {
			isa = PBXGroup;
			children = (
				834708D11B78F9BE00F87F06 /* War */,
				834708E71B78F9BE00F87F06 /* WarTests */,
				834708D01B78F9BE00F87F06 /* Products */,
			);
			sourceTree = "<group>";
		};
		834708D01B78F9BE00F87F06 /* Products */ = {
			isa = PBXGroup;
			children = (
				834708CF1B78F9BE00F87F06 /* War.app */,
				834708E41B78F9BE00F87F06 /* WarTests.xctest */,
			);
			name = Products;
			sourceTree = "<group>";
		};
		834708D11B78F9BE00F87F06 /* War */ = {
			isa = PBXGroup;
			children = (
				834708D41B78F9BE00F87F06 /* AppDelegate.swift */,
				834708D61B78F9BE00F87F06 /* ViewController.swift */,
				834708D81B78F9BE00F87F06 /* Main.storyboard */,
				834708DB1B78F9BE00F87F06 /* Images.xcassets */,
				834708DD1B78F9BE00F87F06 /* LaunchScreen.xib */,
				834708D21B78F9BE00F87F06 /* Supporting Files */,
			);
			path = War;
			sourceTree = "<group>";
		};
		834708D21B78F9BE00F87F06 /* Supporting Files */ = {
			isa = PBXGroup;
			children = (
				834708D31B78F9BE00F87F06 /* Info.plist */,
			);
			name = "Supporting Files";
			sourceTree = "<group>";
		};
		834708E71B78F9BE00F87F06 /* WarTests */ = {
			isa = PBXGroup;
			children = (
				834708EA1B78F9BE00F87F06 /* WarTests.swift */,
				834708E81B78F9BE00F87F06 /* Supporting Files */,
			);
			path = WarTests;
			sourceTree = "<group>";
		};
		834708E81B78F9BE00F87F06 /* Supporting Files */ = {
			isa = PBXGroup;
			children = (
				834708E91B78F9BE00F87F06 /* Info.plist */,
			);
			name = "Supporting Files";
			sourceTree = "<group>";
		};
/* End PBXGroup section */

/* Begin PBXNativeTarget section */
		834708CE1B78F9BE00F87F06 /* War */ = {
			isa = PBXNativeTarget;
			buildConfigurationList = 834708EE1B78F9BE00F87F06 /* Build configuration list for PBXNativeTarget "War" */;
			buildPhases = (
				834708CB1B78F9BE00F87F06 /* Sources */,
				834708CC1B78F9BE00F87F06 /* Frameworks */,
				834708CD1B78F9BE00F87F06 /* Resources */,
			);
			buildRules = (
			);
			dependencies = (
			);
			name = War;
			productName = War;
			productReference = 834708CF1B78F9BE00F87F06 /* War.app */;
			productType = "com.apple.product-type.application";
		};
		834708E31B78F9BE00F87F06 /* WarTests */ = {
			isa = PBXNativeTarget;
			buildConfigurationList = 834708F11B78F9BE00F87F06 /* Build configuration list for PBXNativeTarget "WarTests" */;
			buildPhases = (
				834708E01B78F9BE00F87F06 /* Sources */,
				834708E11B78F9BE00F87F06 /* Frameworks */,
				834708E21B78F9BE00F87F06 /* Resources */,
			);
			buildRules = (
			);
			dependencies = (
				834708E61B78F9BE00F87F06 /* PBXTargetDependency */,
			);
			name = WarTests;
			productName = WarTests;
			productReference = 834708E41B78F9BE00F87F06 /* WarTests.xctest */;
			productType = "com.apple.product-type.bundle.unit-test";
		};
/* End PBXNativeTarget section */

/* Begin PBXProject section */
		834708C71B78F9BE00F87F06 /* Project object */ = {
			isa = PBXProject;
			attributes = {
				LastUpgradeCheck = 0630;
				ORGANIZATIONNAME = NordikLabs;
				TargetAttributes = {
					834708CE1B78F9BE00F87F06 = {
						CreatedOnToolsVersion = 6.3.2;
					};
					834708E31B78F9BE00F87F06 = {
						CreatedOnToolsVersion = 6.3.2;
						TestTargetID = 834708CE1B78F9BE00F87F06;
					};
				};
			};
			buildConfigurationList = 834708CA1B78F9BE00F87F06 /* Build configuration list for PBXProject "War" */;
			compatibilityVersion = "Xcode 3.2";
			developmentRegion = English;
			hasScannedForEncodings = 0;
			knownRegions = (
				en,
				Base,
			);
			mainGroup = 834708C61B78F9BE00F87F06;
			productRefGroup = 834708D01B78F9BE00F87F06 /* Products */;
			projectDirPath = "";
			projectRoot = "";
			targets = (
				834708CE1B78F9BE00F87F06 /* War */,
				834708E31B78F9BE00F87F06 /* WarTests */,
			);
		};
/* End PBXProject section */

/* Begin PBXResourcesBuildPhase section */
		834708CD1B78F9BE00F87F06 /* Resources */ = {
			isa = PBXResourcesBuildPhase;
			buildActionMask = 2147483647;
			files = (
				834708DA1B78F9BE00F87F06 /* Main.storyboard in Resources */,
				834708DF1B78F9BE00F87F06 /* LaunchScreen.xib in Resources */,
				834708DC1B78F9BE00F87F06 /* Images.xcassets in Resources */,
			);
			runOnlyForDeploymentPostprocessing = 0;
		};
		834708E21B78F9BE00F87F06 /* Resources */ = {
			isa = PBXResourcesBuildPhase;
			buildActionMask = 2147483647;
			files = (
			);
			runOnlyForDeploymentPostprocessing = 0;
		};
/* End PBXResourcesBuildPhase section */

/* Begin PBXSourcesBuildPhase section */
		834708CB1B78F9BE00F87F06 /* Sources */ = {
			isa = PBXSourcesBuildPhase;
			buildActionMask = 2147483647;
			files = (
				834708D71B78F9BE00F87F06 /* ViewController.swift in Sources */,
				834708D51B78F9BE00F87F06 /* AppDelegate.swift in Sources */,
			);
			runOnlyForDeploymentPostprocessing = 0;
		};
		834708E01B78F9BE00F87F06 /* Sources */ = {
			isa = PBXSourcesBuildPhase;
			buildActionMask = 2147483647;
			files = (
				834708EB1B78F9BE00F87F06 /* WarTests.swift in Sources */,
			);
			runOnlyForDeploymentPostprocessing = 0;
		};
/* End PBXSourcesBuildPhase section */

/* Begin PBXTargetDependency section */
		834708E61B78F9BE00F87F06 /* PBXTargetDependency */ = {
			isa = PBXTargetDependency;
			target = 834708CE1B78F9BE00F87F06 /* War */;
			targetProxy = 834708E51B78F9BE00F87F06 /* PBXContainerItemProxy */;
		};
/* End PBXTargetDependency section */

/* Begin PBXVariantGroup section */
		834708D81B78F9BE00F87F06 /* Main.storyboard */ = {
			isa = PBXVariantGroup;
			children = (
				834708D91B78F9BE00F87F06 /* Base */,
			);
			name = Main.storyboard;
			sourceTree = "<group>";
		};
		834708DD1B78F9BE00F87F06 /* LaunchScreen.xib */ = {
			isa = PBXVariantGroup;
			children = (
				834708DE1B78F9BE00F87F06 /* Base */,
			);
			name = LaunchScreen.xib;
			sourceTree = "<group>";
		};
/* End PBXVariantGroup section */

/* Begin XCBuildConfiguration section */
		834708EC1B78F9BE00F87F06 /* Debug */ = {
			isa = XCBuildConfiguration;
			buildSettings = {
				ALWAYS_SEARCH_USER_PATHS = NO;
				CLANG_CXX_LANGUAGE_STANDARD = "gnu++0x";
				CLANG_CXX_LIBRARY = "libc++";
				CLANG_ENABLE_MODULES = YES;
				CLANG_ENABLE_OBJC_ARC = YES;
				CLANG_WARN_BOOL_CONVERSION = YES;
				CLANG_WARN_CONSTANT_CONVERSION = YES;
				CLANG_WARN_DIRECT_OBJC_ISA_USAGE = YES_ERROR;
				CLANG_WARN_EMPTY_BODY = YES;
				CLANG_WARN_ENUM_CONVERSION = YES;
				CLANG_WARN_INT_CONVERSION = YES;
				CLANG_WARN_OBJC_ROOT_CLASS = YES_ERROR;
				CLANG_WARN_UNREACHABLE_CODE = YES;
				CLANG_WARN__DUPLICATE_METHOD_MATCH = YES;
				"CODE_SIGN_IDENTITY[sdk=iphoneos*]" = "iPhone Developer";
				COPY_PHASE_STRIP = NO;
				DEBUG_INFORMATION_FORMAT = "dwarf-with-dsym";
				ENABLE_STRICT_OBJC_MSGSEND = YES;
				GCC_C_LANGUAGE_STANDARD = gnu99;
				GCC_DYNAMIC_NO_PIC = NO;
				GCC_NO_COMMON_BLOCKS = YES;
				GCC_OPTIMIZATION_LEVEL = 0;
				GCC_PREPROCESSOR_DEFINITIONS = (
					"DEBUG=1",
					"$(inherited)",
				);
				GCC_SYMBOLS_PRIVATE_EXTERN = NO;
				GCC_WARN_64_TO_32_BIT_CONVERSION = YES;
				GCC_WARN_ABOUT_RETURN_TYPE = YES_ERROR;
				GCC_WARN_UNDECLARED_SELECTOR = YES;
				GCC_WARN_UNINITIALIZED_AUTOS = YES_AGGRESSIVE;
				GCC_WARN_UNUSED_FUNCTION = YES;
				GCC_WARN_UNUSED_VARIABLE = YES;
				IPHONEOS_DEPLOYMENT_TARGET = 8.3;
				MTL_ENABLE_DEBUG_INFO = YES;
				ONLY_ACTIVE_ARCH = YES;
				SDKROOT = iphoneos;
				SWIFT_OPTIMIZATION_LEVEL = "-Onone";
			};
			name = Debug;
		};
		834708ED1B78F9BE00F87F06 /* Release */ = {
			isa = XCBuildConfiguration;
			buildSettings = {
				ALWAYS_SEARCH_USER_PATHS = NO;
				CLANG_CXX_LANGUAGE_STANDARD = "gnu++0x";
				CLANG_CXX_LIBRARY = "libc++";
				CLANG_ENABLE_MODULES = YES;
				CLANG_ENABLE_OBJC_ARC = YES;
				CLANG_WARN_BOOL_CONVERSION = YES;
				CLANG_WARN_CONSTANT_CONVERSION = YES;
				CLANG_WARN_DIRECT_OBJC_ISA_USAGE = YES_ERROR;
				CLANG_WARN_EMPTY_BODY = YES;
				CLANG_WARN_ENUM_CONVERSION = YES;
				CLANG_WARN_INT_CONVERSION = YES;
				CLANG_WARN_OBJC_ROOT_CLASS = YES_ERROR;
				CLANG_WARN_UNREACHABLE_CODE = YES;
				CLANG_WARN__DUPLICATE_METHOD_MATCH = YES;
				"CODE_SIGN_IDENTITY[sdk=iphoneos*]" = "iPhone Developer";
				COPY_PHASE_STRIP = NO;
				DEBUG_INFORMATION_FORMAT = "dwarf-with-dsym";
				ENABLE_NS_ASSERTIONS = NO;
				ENABLE_STRICT_OBJC_MSGSEND = YES;
				GCC_C_LANGUAGE_STANDARD = gnu99;
				GCC_NO_COMMON_BLOCKS = YES;
				GCC_WARN_64_TO_32_BIT_CONVERSION = YES;
				GCC_WARN_ABOUT_RETURN_TYPE = YES_ERROR;
				GCC_WARN_UNDECLARED_SELECTOR = YES;
				GCC_WARN_UNINITIALIZED_AUTOS = YES_AGGRESSIVE;
				GCC_WARN_UNUSED_FUNCTION = YES;
				GCC_WARN_UNUSED_VARIABLE = YES;
				IPHONEOS_DEPLOYMENT_TARGET = 8.3;
				MTL_ENABLE_DEBUG_INFO = NO;
				SDKROOT = iphoneos;
				VALIDATE_PRODUCT = YES;
			};
			name = Release;
		};
		834708EF1B78F9BE00F87F06 /* Debug */ = {
			isa = XCBuildConfiguration;
			buildSettings = {
				ASSETCATALOG_COMPILER_APPICON_NAME = AppIcon;
				INFOPLIST_FILE = War/Info.plist;
				LD_RUNPATH_SEARCH_PATHS = "$(inherited) @executable_path/Frameworks";
				PRODUCT_NAME = "$(TARGET_NAME)";
			};
			name = Debug;
		};
		834708F01B78F9BE00F87F06 /* Release */ = {
			isa = XCBuildConfiguration;
			buildSettings = {
				ASSETCATALOG_COMPILER_APPICON_NAME = AppIcon;
				INFOPLIST_FILE = War/Info.plist;
				LD_RUNPATH_SEARCH_PATHS = "$(inherited) @executable_path/Frameworks";
				PRODUCT_NAME = "$(TARGET_NAME)";
			};
			name = Release;
		};
		834708F21B78F9BE00F87F06 /* Debug */ = {
			isa = XCBuildConfiguration;
			buildSettings = {
				BUNDLE_LOADER = "$(TEST_HOST)";
				FRAMEWORK_SEARCH_PATHS = (
					"$(SDKROOT)/Developer/Library/Frameworks",
					"$(inherited)",
				);
				GCC_PREPROCESSOR_DEFINITIONS = (
					"DEBUG=1",
					"$(inherited)",
				);
				INFOPLIST_FILE = WarTests/Info.plist;
				LD_RUNPATH_SEARCH_PATHS = "$(inherited) @executable_path/Frameworks @loader_path/Frameworks";
				PRODUCT_NAME = "$(TARGET_NAME)";
				TEST_HOST = "$(BUILT_PRODUCTS_DIR)/War.app/War";
			};
			name = Debug;
		};
		834708F31B78F9BE00F87F06 /* Release */ = {
			isa = XCBuildConfiguration;
			buildSettings = {
				BUNDLE_LOADER = "$(TEST_HOST)";
				FRAMEWORK_SEARCH_PATHS = (
					"$(SDKROOT)/Developer/Library/Frameworks",
					"$(inherited)",
				);
				INFOPLIST_FILE = WarTests/Info.plist;
				LD_RUNPATH_SEARCH_PATHS = "$(inherited) @executable_path/Frameworks @loader_path/Frameworks";
				PRODUCT_NAME = "$(TARGET_NAME)";
				TEST_HOST = "$(BUILT_PRODUCTS_DIR)/War.app/War";
			};
			name = Release;
		};
/* End XCBuildConfiguration section */

/* Begin XCConfigurationList section */
		834708CA1B78F9BE00F87F06 /* Build configuration list for PBXProject "War" */ = {
			isa = XCConfigurationList;
			buildConfigurations = (
				834708EC1B78F9BE00F87F06 /* Debug */,
				834708ED1B78F9BE00F87F06 /* Release */,
			);
			defaultConfigurationIsVisible = 0;
			defaultConfigurationName = Release;
		};
		834708EE1B78F9BE00F87F06 /* Build configuration list for PBXNativeTarget "War" */ = {
			isa = XCConfigurationList;
			buildConfigurations = (
				834708EF1B78F9BE00F87F06 /* Debug */,
				834708F01B78F9BE00F87F06 /* Release */,
			);
			defaultConfigurationIsVisible = 0;
		};
		834708F11B78F9BE00F87F06 /* Build configuration list for PBXNativeTarget "WarTests" */ = {
			isa = XCConfigurationList;
			buildConfigurations = (
				834708F21B78F9BE00F87F06 /* Debug */,
				834708F31B78F9BE00F87F06 /* Release */,
			);
			defaultConfigurationIsVisible = 0;
		};
/* End XCConfigurationList section */
	};
	rootObject = 834708C71B78F9BE00F87F06 /* Project object */;
}
